// !$*UTF8*$!
{
	archiveVersion = 1;
	classes = {
	};
	objectVersion = 48;
	objects = {

/* Begin PBXBuildFile section */
		33BF794F74D2BD43312C463B /* Pods_BilltrackerTests.framework in Frameworks */ = {isa = PBXBuildFile; fileRef = F65A24BB3741648DF150885D /* Pods_BilltrackerTests.framework */; };
		34654563F10698630E6AE6FB /* Pods_BilltrackerUITests.framework in Frameworks */ = {isa = PBXBuildFile; fileRef = 9DE4C28D48FFF75E4115954A /* Pods_BilltrackerUITests.framework */; };
		4362949B201FFA1C003A55E4 /* BillTableViewCellController.swift in Sources */ = {isa = PBXBuildFile; fileRef = 4362949A201FFA1C003A55E4 /* BillTableViewCellController.swift */; };
		4362949D201FFC1D003A55E4 /* CategoryTableViewCell.swift in Sources */ = {isa = PBXBuildFile; fileRef = 4362949C201FFC1D003A55E4 /* CategoryTableViewCell.swift */; };
		4362949F202007B4003A55E4 /* BillTableViewController.swift in Sources */ = {isa = PBXBuildFile; fileRef = 4362949E202007B4003A55E4 /* BillTableViewController.swift */; };
		43693FA9201F88E100C13580 /* Bill.swift in Sources */ = {isa = PBXBuildFile; fileRef = 43693FA8201F88E100C13580 /* Bill.swift */; };
		43693FAD201F892300C13580 /* FirebaseHelper.swift in Sources */ = {isa = PBXBuildFile; fileRef = 43693FAC201F892300C13580 /* FirebaseHelper.swift */; };
		4916CD851FE88DF300C08E93 /* Assets.xcassets in Resources */ = {isa = PBXBuildFile; fileRef = 4916CD841FE88DF200C08E93 /* Assets.xcassets */; };
		4971B6E7201F29520096DCB4 /* GoogleService-Info.plist in Resources */ = {isa = PBXBuildFile; fileRef = 4971B6E6201F29520096DCB4 /* GoogleService-Info.plist */; };
		4971B6EB201F39B30096DCB4 /* LoginViewController.swift in Sources */ = {isa = PBXBuildFile; fileRef = 4971B6EA201F39B30096DCB4 /* LoginViewController.swift */; };
		4973D3451FE9879300524174 /* CameraViewController.swift in Sources */ = {isa = PBXBuildFile; fileRef = 4973D3441FE9879300524174 /* CameraViewController.swift */; };
		49808C741FE890C600D12A83 /* ic_logo_light.png in Resources */ = {isa = PBXBuildFile; fileRef = 49808C731FE890C600D12A83 /* ic_logo_light.png */; };
		49808C761FE893BF00D12A83 /* AppIcon.appiconset in Resources */ = {isa = PBXBuildFile; fileRef = 49808C751FE893BF00D12A83 /* AppIcon.appiconset */; };
		49F1FE7C1FE8868D00738832 /* AppDelegate.swift in Sources */ = {isa = PBXBuildFile; fileRef = 49F1FE7B1FE8868D00738832 /* AppDelegate.swift */; };
		49F1FE7E1FE8868D00738832 /* ContentViewController.swift in Sources */ = {isa = PBXBuildFile; fileRef = 49F1FE7D1FE8868D00738832 /* ContentViewController.swift */; };
		49F1FE811FE8868D00738832 /* Main.storyboard in Resources */ = {isa = PBXBuildFile; fileRef = 49F1FE7F1FE8868D00738832 /* Main.storyboard */; };
		49F1FE861FE8868D00738832 /* LaunchScreen.storyboard in Resources */ = {isa = PBXBuildFile; fileRef = 49F1FE841FE8868D00738832 /* LaunchScreen.storyboard */; };
		49F1FE911FE8868D00738832 /* BilltrackerTests.swift in Sources */ = {isa = PBXBuildFile; fileRef = 49F1FE901FE8868D00738832 /* BilltrackerTests.swift */; };
		49F1FE9C1FE8868E00738832 /* BilltrackerUITests.swift in Sources */ = {isa = PBXBuildFile; fileRef = 49F1FE9B1FE8868E00738832 /* BilltrackerUITests.swift */; };
		967CCA4DE2217C3899C4D9AA /* Pods_Billtracker.framework in Frameworks */ = {isa = PBXBuildFile; fileRef = 6085CF7A6BD92350F006E1C1 /* Pods_Billtracker.framework */; };
/* End PBXBuildFile section */

/* Begin PBXContainerItemProxy section */
		49F1FE8D1FE8868D00738832 /* PBXContainerItemProxy */ = {
			isa = PBXContainerItemProxy;
			containerPortal = 49F1FE701FE8868D00738832 /* Project object */;
			proxyType = 1;
			remoteGlobalIDString = 49F1FE771FE8868D00738832;
			remoteInfo = Billtracker;
		};
		49F1FE981FE8868E00738832 /* PBXContainerItemProxy */ = {
			isa = PBXContainerItemProxy;
			containerPortal = 49F1FE701FE8868D00738832 /* Project object */;
			proxyType = 1;
			remoteGlobalIDString = 49F1FE771FE8868D00738832;
			remoteInfo = Billtracker;
		};
/* End PBXContainerItemProxy section */

/* Begin PBXFileReference section */
		4362949A201FFA1C003A55E4 /* BillTableViewCellController.swift */ = {isa = PBXFileReference; lastKnownFileType = sourcecode.swift; path = BillTableViewCellController.swift; sourceTree = "<group>"; };
		4362949C201FFC1D003A55E4 /* CategoryTableViewCell.swift */ = {isa = PBXFileReference; lastKnownFileType = sourcecode.swift; path = CategoryTableViewCell.swift; sourceTree = "<group>"; };
		4362949E202007B4003A55E4 /* BillTableViewController.swift */ = {isa = PBXFileReference; lastKnownFileType = sourcecode.swift; path = BillTableViewController.swift; sourceTree = "<group>"; };
		43693FA8201F88E100C13580 /* Bill.swift */ = {isa = PBXFileReference; lastKnownFileType = sourcecode.swift; path = Bill.swift; sourceTree = "<group>"; };
		43693FAC201F892300C13580 /* FirebaseHelper.swift */ = {isa = PBXFileReference; lastKnownFileType = sourcecode.swift; path = FirebaseHelper.swift; sourceTree = "<group>"; };
		4916CD841FE88DF200C08E93 /* Assets.xcassets */ = {isa = PBXFileReference; lastKnownFileType = folder.assetcatalog; path = Assets.xcassets; sourceTree = "<group>"; };
		4971B6E6201F29520096DCB4 /* GoogleService-Info.plist */ = {isa = PBXFileReference; fileEncoding = 4; lastKnownFileType = text.plist.xml; path = "GoogleService-Info.plist"; sourceTree = "<group>"; };
		4971B6EA201F39B30096DCB4 /* LoginViewController.swift */ = {isa = PBXFileReference; lastKnownFileType = sourcecode.swift; path = LoginViewController.swift; sourceTree = "<group>"; };
		4973D3441FE9879300524174 /* CameraViewController.swift */ = {isa = PBXFileReference; lastKnownFileType = sourcecode.swift; path = CameraViewController.swift; sourceTree = "<group>"; };
		49808C731FE890C600D12A83 /* ic_logo_light.png */ = {isa = PBXFileReference; lastKnownFileType = image.png; path = ic_logo_light.png; sourceTree = "<group>"; };
		49808C751FE893BF00D12A83 /* AppIcon.appiconset */ = {isa = PBXFileReference; lastKnownFileType = folder; path = AppIcon.appiconset; sourceTree = "<group>"; };
		49F1FE781FE8868D00738832 /* Billtracker.app */ = {isa = PBXFileReference; explicitFileType = wrapper.application; includeInIndex = 0; path = Billtracker.app; sourceTree = BUILT_PRODUCTS_DIR; };
		49F1FE7B1FE8868D00738832 /* AppDelegate.swift */ = {isa = PBXFileReference; lastKnownFileType = sourcecode.swift; path = AppDelegate.swift; sourceTree = "<group>"; };
		49F1FE7D1FE8868D00738832 /* ContentViewController.swift */ = {isa = PBXFileReference; lastKnownFileType = sourcecode.swift; path = ContentViewController.swift; sourceTree = "<group>"; };
		49F1FE801FE8868D00738832 /* Base */ = {isa = PBXFileReference; lastKnownFileType = file.storyboard; name = Base; path = Base.lproj/Main.storyboard; sourceTree = "<group>"; };
		49F1FE851FE8868D00738832 /* Base */ = {isa = PBXFileReference; lastKnownFileType = file.storyboard; name = Base; path = Base.lproj/LaunchScreen.storyboard; sourceTree = "<group>"; };
		49F1FE871FE8868D00738832 /* Info.plist */ = {isa = PBXFileReference; lastKnownFileType = text.plist.xml; path = Info.plist; sourceTree = "<group>"; };
		49F1FE8C1FE8868D00738832 /* BilltrackerTests.xctest */ = {isa = PBXFileReference; explicitFileType = wrapper.cfbundle; includeInIndex = 0; path = BilltrackerTests.xctest; sourceTree = BUILT_PRODUCTS_DIR; };
		49F1FE901FE8868D00738832 /* BilltrackerTests.swift */ = {isa = PBXFileReference; lastKnownFileType = sourcecode.swift; path = BilltrackerTests.swift; sourceTree = "<group>"; };
		49F1FE921FE8868D00738832 /* Info.plist */ = {isa = PBXFileReference; lastKnownFileType = text.plist.xml; path = Info.plist; sourceTree = "<group>"; };
		49F1FE971FE8868E00738832 /* BilltrackerUITests.xctest */ = {isa = PBXFileReference; explicitFileType = wrapper.cfbundle; includeInIndex = 0; path = BilltrackerUITests.xctest; sourceTree = BUILT_PRODUCTS_DIR; };
		49F1FE9B1FE8868E00738832 /* BilltrackerUITests.swift */ = {isa = PBXFileReference; lastKnownFileType = sourcecode.swift; path = BilltrackerUITests.swift; sourceTree = "<group>"; };
		49F1FE9D1FE8868E00738832 /* Info.plist */ = {isa = PBXFileReference; lastKnownFileType = text.plist.xml; path = Info.plist; sourceTree = "<group>"; };
		6085CF7A6BD92350F006E1C1 /* Pods_Billtracker.framework */ = {isa = PBXFileReference; explicitFileType = wrapper.framework; includeInIndex = 0; path = Pods_Billtracker.framework; sourceTree = BUILT_PRODUCTS_DIR; };
		68C32A1838926E0398DF4292 /* Pods-Billtracker.release.xcconfig */ = {isa = PBXFileReference; includeInIndex = 1; lastKnownFileType = text.xcconfig; name = "Pods-Billtracker.release.xcconfig"; path = "Pods/Target Support Files/Pods-Billtracker/Pods-Billtracker.release.xcconfig"; sourceTree = "<group>"; };
		7102F8DCF475B899FC075B65 /* Pods-BilltrackerTests.debug.xcconfig */ = {isa = PBXFileReference; includeInIndex = 1; lastKnownFileType = text.xcconfig; name = "Pods-BilltrackerTests.debug.xcconfig"; path = "Pods/Target Support Files/Pods-BilltrackerTests/Pods-BilltrackerTests.debug.xcconfig"; sourceTree = "<group>"; };
		7882E13D5AC18D155E3B9709 /* Pods-Billtracker.debug.xcconfig */ = {isa = PBXFileReference; includeInIndex = 1; lastKnownFileType = text.xcconfig; name = "Pods-Billtracker.debug.xcconfig"; path = "Pods/Target Support Files/Pods-Billtracker/Pods-Billtracker.debug.xcconfig"; sourceTree = "<group>"; };
		9DE4C28D48FFF75E4115954A /* Pods_BilltrackerUITests.framework */ = {isa = PBXFileReference; explicitFileType = wrapper.framework; includeInIndex = 0; path = Pods_BilltrackerUITests.framework; sourceTree = BUILT_PRODUCTS_DIR; };
		BCDFB983B465720C5DDA0FE7 /* Pods-BilltrackerUITests.release.xcconfig */ = {isa = PBXFileReference; includeInIndex = 1; lastKnownFileType = text.xcconfig; name = "Pods-BilltrackerUITests.release.xcconfig"; path = "Pods/Target Support Files/Pods-BilltrackerUITests/Pods-BilltrackerUITests.release.xcconfig"; sourceTree = "<group>"; };
		BFEDA232D6ACB660A6D3D26A /* Pods-BilltrackerTests.release.xcconfig */ = {isa = PBXFileReference; includeInIndex = 1; lastKnownFileType = text.xcconfig; name = "Pods-BilltrackerTests.release.xcconfig"; path = "Pods/Target Support Files/Pods-BilltrackerTests/Pods-BilltrackerTests.release.xcconfig"; sourceTree = "<group>"; };
		F30A3563A03C6531799D49FF /* Pods-BilltrackerUITests.debug.xcconfig */ = {isa = PBXFileReference; includeInIndex = 1; lastKnownFileType = text.xcconfig; name = "Pods-BilltrackerUITests.debug.xcconfig"; path = "Pods/Target Support Files/Pods-BilltrackerUITests/Pods-BilltrackerUITests.debug.xcconfig"; sourceTree = "<group>"; };
		F65A24BB3741648DF150885D /* Pods_BilltrackerTests.framework */ = {isa = PBXFileReference; explicitFileType = wrapper.framework; includeInIndex = 0; path = Pods_BilltrackerTests.framework; sourceTree = BUILT_PRODUCTS_DIR; };
/* End PBXFileReference section */

/* Begin PBXFrameworksBuildPhase section */
		49F1FE751FE8868D00738832 /* Frameworks */ = {
			isa = PBXFrameworksBuildPhase;
			buildActionMask = 2147483647;
			files = (
				967CCA4DE2217C3899C4D9AA /* Pods_Billtracker.framework in Frameworks */,
			);
			runOnlyForDeploymentPostprocessing = 0;
		};
		49F1FE891FE8868D00738832 /* Frameworks */ = {
			isa = PBXFrameworksBuildPhase;
			buildActionMask = 2147483647;
			files = (
				33BF794F74D2BD43312C463B /* Pods_BilltrackerTests.framework in Frameworks */,
			);
			runOnlyForDeploymentPostprocessing = 0;
		};
		49F1FE941FE8868E00738832 /* Frameworks */ = {
			isa = PBXFrameworksBuildPhase;
			buildActionMask = 2147483647;
			files = (
				34654563F10698630E6AE6FB /* Pods_BilltrackerUITests.framework in Frameworks */,
			);
			runOnlyForDeploymentPostprocessing = 0;
		};
/* End PBXFrameworksBuildPhase section */

/* Begin PBXGroup section */
		0E63692CFF55C6FA364D51D8 /* Pods */ = {
			isa = PBXGroup;
			children = (
				7882E13D5AC18D155E3B9709 /* Pods-Billtracker.debug.xcconfig */,
				68C32A1838926E0398DF4292 /* Pods-Billtracker.release.xcconfig */,
				7102F8DCF475B899FC075B65 /* Pods-BilltrackerTests.debug.xcconfig */,
				BFEDA232D6ACB660A6D3D26A /* Pods-BilltrackerTests.release.xcconfig */,
				F30A3563A03C6531799D49FF /* Pods-BilltrackerUITests.debug.xcconfig */,
				BCDFB983B465720C5DDA0FE7 /* Pods-BilltrackerUITests.release.xcconfig */,
			);
			name = Pods;
			sourceTree = "<group>";
		};
		4971B6F2201FB2F70096DCB4 /* App Template */ = {
			isa = PBXGroup;
			children = (
				49F1FE7B1FE8868D00738832 /* AppDelegate.swift */,
			);
			path = "App Template";
			sourceTree = "<group>";
		};
		4971B6F3201FB3210096DCB4 /* UI */ = {
			isa = PBXGroup;
			children = (
				49F1FE7F1FE8868D00738832 /* Main.storyboard */,
				4916CD841FE88DF200C08E93 /* Assets.xcassets */,
				49808C751FE893BF00D12A83 /* AppIcon.appiconset */,
				49808C731FE890C600D12A83 /* ic_logo_light.png */,
				49F1FE841FE8868D00738832 /* LaunchScreen.storyboard */,
			);
			name = UI;
			path = "App Template/UI";
			sourceTree = "<group>";
		};
		4971B6F5201FB3620096DCB4 /* Firebase */ = {
			isa = PBXGroup;
			children = (
				4971B6E6201F29520096DCB4 /* GoogleService-Info.plist */,
			);
			name = Firebase;
			path = ..;
			sourceTree = "<group>";
		};
		4971B6F6201FB3BC0096DCB4 /* ViewControllers */ = {
			isa = PBXGroup;
			children = (
				49F1FE7D1FE8868D00738832 /* ContentViewController.swift */,
				4971B6EA201F39B30096DCB4 /* LoginViewController.swift */,
				4973D3441FE9879300524174 /* CameraViewController.swift */,
				43693FA8201F88E100C13580 /* Bill.swift */,
				43693FAC201F892300C13580 /* FirebaseHelper.swift */,
				4362949A201FFA1C003A55E4 /* BillTableViewCellController.swift */,
				4362949C201FFC1D003A55E4 /* CategoryTableViewCell.swift */,
				4362949E202007B4003A55E4 /* BillTableViewController.swift */,
			);
			path = ViewControllers;
			sourceTree = "<group>";
		};
		49F1FE6F1FE8868D00738832 = {
			isa = PBXGroup;
			children = (
				49F1FE7A1FE8868D00738832 /* Billtracker */,
				49F1FE8F1FE8868D00738832 /* BilltrackerTests */,
				49F1FE9A1FE8868E00738832 /* BilltrackerUITests */,
				0E63692CFF55C6FA364D51D8 /* Pods */,
				D0AB9C4470A4C7B78A1BF5C7 /* Frameworks */,
			);
			sourceTree = "<group>";
		};
		49F1FE791FE8868D00738832 /* Products */ = {
			isa = PBXGroup;
			children = (
				49F1FE781FE8868D00738832 /* Billtracker.app */,
				49F1FE8C1FE8868D00738832 /* BilltrackerTests.xctest */,
				49F1FE971FE8868E00738832 /* BilltrackerUITests.xctest */,
			);
			name = Products;
			sourceTree = "<group>";
		};
		49F1FE7A1FE8868D00738832 /* Billtracker */ = {
			isa = PBXGroup;
			children = (
				49F1FE871FE8868D00738832 /* Info.plist */,
				4971B6F2201FB2F70096DCB4 /* App Template */,
				4971B6F3201FB3210096DCB4 /* UI */,
				4971B6F6201FB3BC0096DCB4 /* ViewControllers */,
				4971B6F5201FB3620096DCB4 /* Firebase */,
			);
			path = Billtracker;
			sourceTree = "<group>";
		};
		49F1FE8F1FE8868D00738832 /* BilltrackerTests */ = {
			isa = PBXGroup;
			children = (
				49F1FE901FE8868D00738832 /* BilltrackerTests.swift */,
				49F1FE921FE8868D00738832 /* Info.plist */,
			);
			path = BilltrackerTests;
			sourceTree = "<group>";
		};
		49F1FE9A1FE8868E00738832 /* BilltrackerUITests */ = {
			isa = PBXGroup;
			children = (
				49F1FE9B1FE8868E00738832 /* BilltrackerUITests.swift */,
				49F1FE9D1FE8868E00738832 /* Info.plist */,
			);
			path = BilltrackerUITests;
			sourceTree = "<group>";
		};
		D0AB9C4470A4C7B78A1BF5C7 /* Frameworks */ = {
			isa = PBXGroup;
			children = (
				6085CF7A6BD92350F006E1C1 /* Pods_Billtracker.framework */,
				F65A24BB3741648DF150885D /* Pods_BilltrackerTests.framework */,
				9DE4C28D48FFF75E4115954A /* Pods_BilltrackerUITests.framework */,
			);
			name = Frameworks;
			sourceTree = "<group>";
		};
/* End PBXGroup section */

/* Begin PBXNativeTarget section */
		49F1FE771FE8868D00738832 /* Billtracker */ = {
			isa = PBXNativeTarget;
			buildConfigurationList = 49F1FEA01FE8868E00738832 /* Build configuration list for PBXNativeTarget "Billtracker" */;
			buildPhases = (
				FB634377BED0181A2C25DAA1 /* [CP] Check Pods Manifest.lock */,
				49F1FE741FE8868D00738832 /* Sources */,
				49F1FE751FE8868D00738832 /* Frameworks */,
				49F1FE761FE8868D00738832 /* Resources */,
				E8FCF8E99790996D451A57FA /* [CP] Embed Pods Frameworks */,
				3911B79C957A6BC9293883B2 /* [CP] Copy Pods Resources */,
			);
			buildRules = (
			);
			dependencies = (
			);
			name = Billtracker;
			productName = Billtracker;
			productReference = 49F1FE781FE8868D00738832 /* Billtracker.app */;
			productType = "com.apple.product-type.application";
		};
		49F1FE8B1FE8868D00738832 /* BilltrackerTests */ = {
			isa = PBXNativeTarget;
			buildConfigurationList = 49F1FEA31FE8868E00738832 /* Build configuration list for PBXNativeTarget "BilltrackerTests" */;
			buildPhases = (
				3DA9C7BAECA7518B1BDAABDC /* [CP] Check Pods Manifest.lock */,
				49F1FE881FE8868D00738832 /* Sources */,
				49F1FE891FE8868D00738832 /* Frameworks */,
				49F1FE8A1FE8868D00738832 /* Resources */,
				2EEE329B5407DEFCB1736FCD /* [CP] Embed Pods Frameworks */,
				FE20C0F55ADA3F88AAF4B801 /* [CP] Copy Pods Resources */,
			);
			buildRules = (
			);
			dependencies = (
				49F1FE8E1FE8868D00738832 /* PBXTargetDependency */,
			);
			name = BilltrackerTests;
			productName = BilltrackerTests;
			productReference = 49F1FE8C1FE8868D00738832 /* BilltrackerTests.xctest */;
			productType = "com.apple.product-type.bundle.unit-test";
		};
		49F1FE961FE8868E00738832 /* BilltrackerUITests */ = {
			isa = PBXNativeTarget;
			buildConfigurationList = 49F1FEA61FE8868E00738832 /* Build configuration list for PBXNativeTarget "BilltrackerUITests" */;
			buildPhases = (
				783A57B802CA7A1E8F8902E2 /* [CP] Check Pods Manifest.lock */,
				49F1FE931FE8868E00738832 /* Sources */,
				49F1FE941FE8868E00738832 /* Frameworks */,
				49F1FE951FE8868E00738832 /* Resources */,
				6F4797EDD18CF4EBA420AA31 /* [CP] Embed Pods Frameworks */,
				723CF42F525C027C874D3DDB /* [CP] Copy Pods Resources */,
			);
			buildRules = (
			);
			dependencies = (
				49F1FE991FE8868E00738832 /* PBXTargetDependency */,
			);
			name = BilltrackerUITests;
			productName = BilltrackerUITests;
			productReference = 49F1FE971FE8868E00738832 /* BilltrackerUITests.xctest */;
			productType = "com.apple.product-type.bundle.ui-testing";
		};
/* End PBXNativeTarget section */

/* Begin PBXProject section */
		49F1FE701FE8868D00738832 /* Project object */ = {
			isa = PBXProject;
			attributes = {
				LastSwiftUpdateCheck = 0920;
				LastUpgradeCheck = 0920;
				ORGANIZATIONNAME = "Valdet D.";
				TargetAttributes = {
					49F1FE771FE8868D00738832 = {
						CreatedOnToolsVersion = 9.2;
						ProvisioningStyle = Automatic;
					};
					49F1FE8B1FE8868D00738832 = {
						CreatedOnToolsVersion = 9.2;
						ProvisioningStyle = Automatic;
						TestTargetID = 49F1FE771FE8868D00738832;
					};
					49F1FE961FE8868E00738832 = {
						CreatedOnToolsVersion = 9.2;
						ProvisioningStyle = Automatic;
						TestTargetID = 49F1FE771FE8868D00738832;
					};
				};
			};
			buildConfigurationList = 49F1FE731FE8868D00738832 /* Build configuration list for PBXProject "Billtracker" */;
			compatibilityVersion = "Xcode 8.0";
			developmentRegion = en;
			hasScannedForEncodings = 0;
			knownRegions = (
				en,
				Base,
			);
			mainGroup = 49F1FE6F1FE8868D00738832;
			productRefGroup = 49F1FE791FE8868D00738832 /* Products */;
			projectDirPath = "";
			projectRoot = "";
			targets = (
				49F1FE771FE8868D00738832 /* Billtracker */,
				49F1FE8B1FE8868D00738832 /* BilltrackerTests */,
				49F1FE961FE8868E00738832 /* BilltrackerUITests */,
			);
		};
/* End PBXProject section */

/* Begin PBXResourcesBuildPhase section */
		49F1FE761FE8868D00738832 /* Resources */ = {
			isa = PBXResourcesBuildPhase;
			buildActionMask = 2147483647;
			files = (
				49F1FE861FE8868D00738832 /* LaunchScreen.storyboard in Resources */,
				4916CD851FE88DF300C08E93 /* Assets.xcassets in Resources */,
				49F1FE811FE8868D00738832 /* Main.storyboard in Resources */,
				49808C761FE893BF00D12A83 /* AppIcon.appiconset in Resources */,
				49808C741FE890C600D12A83 /* ic_logo_light.png in Resources */,
				4971B6E7201F29520096DCB4 /* GoogleService-Info.plist in Resources */,
			);
			runOnlyForDeploymentPostprocessing = 0;
		};
		49F1FE8A1FE8868D00738832 /* Resources */ = {
			isa = PBXResourcesBuildPhase;
			buildActionMask = 2147483647;
			files = (
			);
			runOnlyForDeploymentPostprocessing = 0;
		};
		49F1FE951FE8868E00738832 /* Resources */ = {
			isa = PBXResourcesBuildPhase;
			buildActionMask = 2147483647;
			files = (
			);
			runOnlyForDeploymentPostprocessing = 0;
		};
/* End PBXResourcesBuildPhase section */

/* Begin PBXShellScriptBuildPhase section */
		2EEE329B5407DEFCB1736FCD /* [CP] Embed Pods Frameworks */ = {
			isa = PBXShellScriptBuildPhase;
			buildActionMask = 2147483647;
			files = (
			);
			inputPaths = (
			);
			name = "[CP] Embed Pods Frameworks";
			outputPaths = (
			);
			runOnlyForDeploymentPostprocessing = 0;
			shellPath = /bin/sh;
			shellScript = "\"${SRCROOT}/Pods/Target Support Files/Pods-BilltrackerTests/Pods-BilltrackerTests-frameworks.sh\"\n";
			showEnvVarsInLog = 0;
		};
		3911B79C957A6BC9293883B2 /* [CP] Copy Pods Resources */ = {
			isa = PBXShellScriptBuildPhase;
			buildActionMask = 2147483647;
			files = (
			);
			inputPaths = (
			);
			name = "[CP] Copy Pods Resources";
			outputPaths = (
			);
			runOnlyForDeploymentPostprocessing = 0;
			shellPath = /bin/sh;
			shellScript = "\"${SRCROOT}/Pods/Target Support Files/Pods-Billtracker/Pods-Billtracker-resources.sh\"\n";
			showEnvVarsInLog = 0;
		};
		3DA9C7BAECA7518B1BDAABDC /* [CP] Check Pods Manifest.lock */ = {
			isa = PBXShellScriptBuildPhase;
			buildActionMask = 2147483647;
			files = (
			);
			inputPaths = (
				"${PODS_PODFILE_DIR_PATH}/Podfile.lock",
				"${PODS_ROOT}/Manifest.lock",
			);
			name = "[CP] Check Pods Manifest.lock";
			outputPaths = (
				"$(DERIVED_FILE_DIR)/Pods-BilltrackerTests-checkManifestLockResult.txt",
			);
			runOnlyForDeploymentPostprocessing = 0;
			shellPath = /bin/sh;
			shellScript = "diff \"${PODS_PODFILE_DIR_PATH}/Podfile.lock\" \"${PODS_ROOT}/Manifest.lock\" > /dev/null\nif [ $? != 0 ] ; then\n    # print error to STDERR\n    echo \"error: The sandbox is not in sync with the Podfile.lock. Run 'pod install' or update your CocoaPods installation.\" >&2\n    exit 1\nfi\n# This output is used by Xcode 'outputs' to avoid re-running this script phase.\necho \"SUCCESS\" > \"${SCRIPT_OUTPUT_FILE_0}\"\n";
			showEnvVarsInLog = 0;
		};
		6F4797EDD18CF4EBA420AA31 /* [CP] Embed Pods Frameworks */ = {
			isa = PBXShellScriptBuildPhase;
			buildActionMask = 2147483647;
			files = (
			);
			inputPaths = (
			);
			name = "[CP] Embed Pods Frameworks";
			outputPaths = (
			);
			runOnlyForDeploymentPostprocessing = 0;
			shellPath = /bin/sh;
			shellScript = "\"${SRCROOT}/Pods/Target Support Files/Pods-BilltrackerUITests/Pods-BilltrackerUITests-frameworks.sh\"\n";
			showEnvVarsInLog = 0;
		};
		723CF42F525C027C874D3DDB /* [CP] Copy Pods Resources */ = {
			isa = PBXShellScriptBuildPhase;
			buildActionMask = 2147483647;
			files = (
			);
			inputPaths = (
			);
			name = "[CP] Copy Pods Resources";
			outputPaths = (
			);
			runOnlyForDeploymentPostprocessing = 0;
			shellPath = /bin/sh;
			shellScript = "\"${SRCROOT}/Pods/Target Support Files/Pods-BilltrackerUITests/Pods-BilltrackerUITests-resources.sh\"\n";
			showEnvVarsInLog = 0;
		};
		783A57B802CA7A1E8F8902E2 /* [CP] Check Pods Manifest.lock */ = {
			isa = PBXShellScriptBuildPhase;
			buildActionMask = 2147483647;
			files = (
			);
			inputPaths = (
				"${PODS_PODFILE_DIR_PATH}/Podfile.lock",
				"${PODS_ROOT}/Manifest.lock",
			);
			name = "[CP] Check Pods Manifest.lock";
			outputPaths = (
				"$(DERIVED_FILE_DIR)/Pods-BilltrackerUITests-checkManifestLockResult.txt",
			);
			runOnlyForDeploymentPostprocessing = 0;
			shellPath = /bin/sh;
			shellScript = "diff \"${PODS_PODFILE_DIR_PATH}/Podfile.lock\" \"${PODS_ROOT}/Manifest.lock\" > /dev/null\nif [ $? != 0 ] ; then\n    # print error to STDERR\n    echo \"error: The sandbox is not in sync with the Podfile.lock. Run 'pod install' or update your CocoaPods installation.\" >&2\n    exit 1\nfi\n# This output is used by Xcode 'outputs' to avoid re-running this script phase.\necho \"SUCCESS\" > \"${SCRIPT_OUTPUT_FILE_0}\"\n";
			showEnvVarsInLog = 0;
		};
		E8FCF8E99790996D451A57FA /* [CP] Embed Pods Frameworks */ = {
			isa = PBXShellScriptBuildPhase;
			buildActionMask = 2147483647;
			files = (
			);
			inputPaths = (
				"${SRCROOT}/Pods/Target Support Files/Pods-Billtracker/Pods-Billtracker-frameworks.sh",
				"${BUILT_PRODUCTS_DIR}/GTMSessionFetcher/GTMSessionFetcher.framework",
				"${BUILT_PRODUCTS_DIR}/GoogleToolboxForMac/GoogleToolboxForMac.framework",
				"${BUILT_PRODUCTS_DIR}/leveldb-library/leveldb.framework",
				"${BUILT_PRODUCTS_DIR}/nanopb/nanopb.framework",
			);
			name = "[CP] Embed Pods Frameworks";
			outputPaths = (
				"${TARGET_BUILD_DIR}/${FRAMEWORKS_FOLDER_PATH}/GTMSessionFetcher.framework",
				"${TARGET_BUILD_DIR}/${FRAMEWORKS_FOLDER_PATH}/GoogleToolboxForMac.framework",
				"${TARGET_BUILD_DIR}/${FRAMEWORKS_FOLDER_PATH}/leveldb.framework",
				"${TARGET_BUILD_DIR}/${FRAMEWORKS_FOLDER_PATH}/nanopb.framework",
			);
			runOnlyForDeploymentPostprocessing = 0;
			shellPath = /bin/sh;
			shellScript = "\"${SRCROOT}/Pods/Target Support Files/Pods-Billtracker/Pods-Billtracker-frameworks.sh\"\n";
			showEnvVarsInLog = 0;
		};
		FB634377BED0181A2C25DAA1 /* [CP] Check Pods Manifest.lock */ = {
			isa = PBXShellScriptBuildPhase;
			buildActionMask = 2147483647;
			files = (
			);
			inputPaths = (
				"${PODS_PODFILE_DIR_PATH}/Podfile.lock",
				"${PODS_ROOT}/Manifest.lock",
			);
			name = "[CP] Check Pods Manifest.lock";
			outputPaths = (
				"$(DERIVED_FILE_DIR)/Pods-Billtracker-checkManifestLockResult.txt",
			);
			runOnlyForDeploymentPostprocessing = 0;
			shellPath = /bin/sh;
			shellScript = "diff \"${PODS_PODFILE_DIR_PATH}/Podfile.lock\" \"${PODS_ROOT}/Manifest.lock\" > /dev/null\nif [ $? != 0 ] ; then\n    # print error to STDERR\n    echo \"error: The sandbox is not in sync with the Podfile.lock. Run 'pod install' or update your CocoaPods installation.\" >&2\n    exit 1\nfi\n# This output is used by Xcode 'outputs' to avoid re-running this script phase.\necho \"SUCCESS\" > \"${SCRIPT_OUTPUT_FILE_0}\"\n";
			showEnvVarsInLog = 0;
		};
		FE20C0F55ADA3F88AAF4B801 /* [CP] Copy Pods Resources */ = {
			isa = PBXShellScriptBuildPhase;
			buildActionMask = 2147483647;
			files = (
			);
			inputPaths = (
			);
			name = "[CP] Copy Pods Resources";
			outputPaths = (
			);
			runOnlyForDeploymentPostprocessing = 0;
			shellPath = /bin/sh;
			shellScript = "\"${SRCROOT}/Pods/Target Support Files/Pods-BilltrackerTests/Pods-BilltrackerTests-resources.sh\"\n";
			showEnvVarsInLog = 0;
		};
/* End PBXShellScriptBuildPhase section */

/* Begin PBXSourcesBuildPhase section */
		49F1FE741FE8868D00738832 /* Sources */ = {
			isa = PBXSourcesBuildPhase;
			buildActionMask = 2147483647;
			files = (
				49F1FE7E1FE8868D00738832 /* ContentViewController.swift in Sources */,
				4971B6EB201F39B30096DCB4 /* LoginViewController.swift in Sources */,
				43693FAD201F892300C13580 /* FirebaseHelper.swift in Sources */,
				4362949B201FFA1C003A55E4 /* BillTableViewCellController.swift in Sources */,
				49F1FE7C1FE8868D00738832 /* AppDelegate.swift in Sources */,
				4973D3451FE9879300524174 /* CameraViewController.swift in Sources */,
				43693FA9201F88E100C13580 /* Bill.swift in Sources */,
				4362949F202007B4003A55E4 /* BillTableViewController.swift in Sources */,
				4362949D201FFC1D003A55E4 /* CategoryTableViewCell.swift in Sources */,
			);
			runOnlyForDeploymentPostprocessing = 0;
		};
		49F1FE881FE8868D00738832 /* Sources */ = {
			isa = PBXSourcesBuildPhase;
			buildActionMask = 2147483647;
			files = (
				49F1FE911FE8868D00738832 /* BilltrackerTests.swift in Sources */,
			);
			runOnlyForDeploymentPostprocessing = 0;
		};
		49F1FE931FE8868E00738832 /* Sources */ = {
			isa = PBXSourcesBuildPhase;
			buildActionMask = 2147483647;
			files = (
				49F1FE9C1FE8868E00738832 /* BilltrackerUITests.swift in Sources */,
			);
			runOnlyForDeploymentPostprocessing = 0;
		};
/* End PBXSourcesBuildPhase section */

/* Begin PBXTargetDependency section */
		49F1FE8E1FE8868D00738832 /* PBXTargetDependency */ = {
			isa = PBXTargetDependency;
			target = 49F1FE771FE8868D00738832 /* Billtracker */;
			targetProxy = 49F1FE8D1FE8868D00738832 /* PBXContainerItemProxy */;
		};
		49F1FE991FE8868E00738832 /* PBXTargetDependency */ = {
			isa = PBXTargetDependency;
			target = 49F1FE771FE8868D00738832 /* Billtracker */;
			targetProxy = 49F1FE981FE8868E00738832 /* PBXContainerItemProxy */;
		};
/* End PBXTargetDependency section */

/* Begin PBXVariantGroup section */
		49F1FE7F1FE8868D00738832 /* Main.storyboard */ = {
			isa = PBXVariantGroup;
			children = (
				49F1FE801FE8868D00738832 /* Base */,
			);
			name = Main.storyboard;
			sourceTree = "<group>";
		};
		49F1FE841FE8868D00738832 /* LaunchScreen.storyboard */ = {
			isa = PBXVariantGroup;
			children = (
				49F1FE851FE8868D00738832 /* Base */,
			);
			name = LaunchScreen.storyboard;
			sourceTree = "<group>";
		};
/* End PBXVariantGroup section */

/* Begin XCBuildConfiguration section */
		49F1FE9E1FE8868E00738832 /* Debug */ = {
			isa = XCBuildConfiguration;
			buildSettings = {
				ALWAYS_SEARCH_USER_PATHS = NO;
				CLANG_ANALYZER_NONNULL = YES;
				CLANG_ANALYZER_NUMBER_OBJECT_CONVERSION = YES_AGGRESSIVE;
				CLANG_CXX_LANGUAGE_STANDARD = "gnu++14";
				CLANG_CXX_LIBRARY = "libc++";
				CLANG_ENABLE_MODULES = YES;
				CLANG_ENABLE_OBJC_ARC = YES;
				CLANG_WARN_BLOCK_CAPTURE_AUTORELEASING = YES;
				CLANG_WARN_BOOL_CONVERSION = YES;
				CLANG_WARN_COMMA = YES;
				CLANG_WARN_CONSTANT_CONVERSION = YES;
				CLANG_WARN_DIRECT_OBJC_ISA_USAGE = YES_ERROR;
				CLANG_WARN_DOCUMENTATION_COMMENTS = YES;
				CLANG_WARN_EMPTY_BODY = YES;
				CLANG_WARN_ENUM_CONVERSION = YES;
				CLANG_WARN_INFINITE_RECURSION = YES;
				CLANG_WARN_INT_CONVERSION = YES;
				CLANG_WARN_NON_LITERAL_NULL_CONVERSION = YES;
				CLANG_WARN_OBJC_LITERAL_CONVERSION = YES;
				CLANG_WARN_OBJC_ROOT_CLASS = YES_ERROR;
				CLANG_WARN_RANGE_LOOP_ANALYSIS = YES;
				CLANG_WARN_STRICT_PROTOTYPES = YES;
				CLANG_WARN_SUSPICIOUS_MOVE = YES;
				CLANG_WARN_UNGUARDED_AVAILABILITY = YES_AGGRESSIVE;
				CLANG_WARN_UNREACHABLE_CODE = YES;
				CLANG_WARN__DUPLICATE_METHOD_MATCH = YES;
				CODE_SIGN_IDENTITY = "iPhone Developer";
				COPY_PHASE_STRIP = NO;
				DEBUG_INFORMATION_FORMAT = dwarf;
				ENABLE_STRICT_OBJC_MSGSEND = YES;
				ENABLE_TESTABILITY = YES;
				GCC_C_LANGUAGE_STANDARD = gnu11;
				GCC_DYNAMIC_NO_PIC = NO;
				GCC_NO_COMMON_BLOCKS = YES;
				GCC_OPTIMIZATION_LEVEL = 0;
				GCC_PREPROCESSOR_DEFINITIONS = (
					"DEBUG=1",
					"$(inherited)",
				);
				GCC_WARN_64_TO_32_BIT_CONVERSION = YES;
				GCC_WARN_ABOUT_RETURN_TYPE = YES_ERROR;
				GCC_WARN_UNDECLARED_SELECTOR = YES;
				GCC_WARN_UNINITIALIZED_AUTOS = YES_AGGRESSIVE;
				GCC_WARN_UNUSED_FUNCTION = YES;
				GCC_WARN_UNUSED_VARIABLE = YES;
				IPHONEOS_DEPLOYMENT_TARGET = 11.2;
				MTL_ENABLE_DEBUG_INFO = YES;
				ONLY_ACTIVE_ARCH = YES;
				SDKROOT = iphoneos;
				SWIFT_ACTIVE_COMPILATION_CONDITIONS = DEBUG;
				SWIFT_OPTIMIZATION_LEVEL = "-Onone";
			};
			name = Debug;
		};
		49F1FE9F1FE8868E00738832 /* Release */ = {
			isa = XCBuildConfiguration;
			buildSettings = {
				ALWAYS_SEARCH_USER_PATHS = NO;
				CLANG_ANALYZER_NONNULL = YES;
				CLANG_ANALYZER_NUMBER_OBJECT_CONVERSION = YES_AGGRESSIVE;
				CLANG_CXX_LANGUAGE_STANDARD = "gnu++14";
				CLANG_CXX_LIBRARY = "libc++";
				CLANG_ENABLE_MODULES = YES;
				CLANG_ENABLE_OBJC_ARC = YES;
				CLANG_WARN_BLOCK_CAPTURE_AUTORELEASING = YES;
				CLANG_WARN_BOOL_CONVERSION = YES;
				CLANG_WARN_COMMA = YES;
				CLANG_WARN_CONSTANT_CONVERSION = YES;
				CLANG_WARN_DIRECT_OBJC_ISA_USAGE = YES_ERROR;
				CLANG_WARN_DOCUMENTATION_COMMENTS = YES;
				CLANG_WARN_EMPTY_BODY = YES;
				CLANG_WARN_ENUM_CONVERSION = YES;
				CLANG_WARN_INFINITE_RECURSION = YES;
				CLANG_WARN_INT_CONVERSION = YES;
				CLANG_WARN_NON_LITERAL_NULL_CONVERSION = YES;
				CLANG_WARN_OBJC_LITERAL_CONVERSION = YES;
				CLANG_WARN_OBJC_ROOT_CLASS = YES_ERROR;
				CLANG_WARN_RANGE_LOOP_ANALYSIS = YES;
				CLANG_WARN_STRICT_PROTOTYPES = YES;
				CLANG_WARN_SUSPICIOUS_MOVE = YES;
				CLANG_WARN_UNGUARDED_AVAILABILITY = YES_AGGRESSIVE;
				CLANG_WARN_UNREACHABLE_CODE = YES;
				CLANG_WARN__DUPLICATE_METHOD_MATCH = YES;
				CODE_SIGN_IDENTITY = "iPhone Developer";
				COPY_PHASE_STRIP = NO;
				DEBUG_INFORMATION_FORMAT = "dwarf-with-dsym";
				ENABLE_NS_ASSERTIONS = NO;
				ENABLE_STRICT_OBJC_MSGSEND = YES;
				GCC_C_LANGUAGE_STANDARD = gnu11;
				GCC_NO_COMMON_BLOCKS = YES;
				GCC_WARN_64_TO_32_BIT_CONVERSION = YES;
				GCC_WARN_ABOUT_RETURN_TYPE = YES_ERROR;
				GCC_WARN_UNDECLARED_SELECTOR = YES;
				GCC_WARN_UNINITIALIZED_AUTOS = YES_AGGRESSIVE;
				GCC_WARN_UNUSED_FUNCTION = YES;
				GCC_WARN_UNUSED_VARIABLE = YES;
				IPHONEOS_DEPLOYMENT_TARGET = 11.2;
				MTL_ENABLE_DEBUG_INFO = NO;
				SDKROOT = iphoneos;
				SWIFT_OPTIMIZATION_LEVEL = "-Owholemodule";
				VALIDATE_PRODUCT = YES;
			};
			name = Release;
		};
		49F1FEA11FE8868E00738832 /* Debug */ = {
			isa = XCBuildConfiguration;
			baseConfigurationReference = 7882E13D5AC18D155E3B9709 /* Pods-Billtracker.debug.xcconfig */;
			buildSettings = {
				ASSETCATALOG_COMPILER_APPICON_NAME = AppIcon;
				CODE_SIGN_STYLE = Automatic;
				DEVELOPMENT_TEAM = DYMS7QD4YN;
				INFOPLIST_FILE = Billtracker/Info.plist;
				LD_RUNPATH_SEARCH_PATHS = "$(inherited) @executable_path/Frameworks";
				PRODUCT_BUNDLE_IDENTIFIER = de.hdm.project.billtracker;
				PRODUCT_NAME = "$(TARGET_NAME)";
				SWIFT_VERSION = 4.0;
				TARGETED_DEVICE_FAMILY = 1;
			};
			name = Debug;
		};
		49F1FEA21FE8868E00738832 /* Release */ = {
			isa = XCBuildConfiguration;
			baseConfigurationReference = 68C32A1838926E0398DF4292 /* Pods-Billtracker.release.xcconfig */;
			buildSettings = {
				ASSETCATALOG_COMPILER_APPICON_NAME = AppIcon;
				CODE_SIGN_STYLE = Automatic;
				DEVELOPMENT_TEAM = DYMS7QD4YN;
				INFOPLIST_FILE = Billtracker/Info.plist;
				LD_RUNPATH_SEARCH_PATHS = "$(inherited) @executable_path/Frameworks";
				PRODUCT_BUNDLE_IDENTIFIER = de.hdm.project.billtracker;
				PRODUCT_NAME = "$(TARGET_NAME)";
				SWIFT_VERSION = 4.0;
				TARGETED_DEVICE_FAMILY = 1;
			};
			name = Release;
		};
		49F1FEA41FE8868E00738832 /* Debug */ = {
			isa = XCBuildConfiguration;
			baseConfigurationReference = 7102F8DCF475B899FC075B65 /* Pods-BilltrackerTests.debug.xcconfig */;
			buildSettings = {
				ALWAYS_EMBED_SWIFT_STANDARD_LIBRARIES = YES;
				BUNDLE_LOADER = "$(TEST_HOST)";
				CODE_SIGN_STYLE = Automatic;
				DEVELOPMENT_TEAM = DYMS7QD4YN;
				INFOPLIST_FILE = BilltrackerTests/Info.plist;
				LD_RUNPATH_SEARCH_PATHS = "$(inherited) @executable_path/Frameworks @loader_path/Frameworks";
				PRODUCT_BUNDLE_IDENTIFIER = de.hdm.BilltrackerTests;
				PRODUCT_NAME = "$(TARGET_NAME)";
				SWIFT_VERSION = 4.0;
				TARGETED_DEVICE_FAMILY = "1,2";
				TEST_HOST = "$(BUILT_PRODUCTS_DIR)/Billtracker.app/Billtracker";
			};
			name = Debug;
		};
		49F1FEA51FE8868E00738832 /* Release */ = {
			isa = XCBuildConfiguration;
			baseConfigurationReference = BFEDA232D6ACB660A6D3D26A /* Pods-BilltrackerTests.release.xcconfig */;
			buildSettings = {
				ALWAYS_EMBED_SWIFT_STANDARD_LIBRARIES = YES;
				BUNDLE_LOADER = "$(TEST_HOST)";
				CODE_SIGN_STYLE = Automatic;
				DEVELOPMENT_TEAM = DYMS7QD4YN;
				INFOPLIST_FILE = BilltrackerTests/Info.plist;
				LD_RUNPATH_SEARCH_PATHS = "$(inherited) @executable_path/Frameworks @loader_path/Frameworks";
				PRODUCT_BUNDLE_IDENTIFIER = de.hdm.BilltrackerTests;
				PRODUCT_NAME = "$(TARGET_NAME)";
				SWIFT_VERSION = 4.0;
				TARGETED_DEVICE_FAMILY = "1,2";
				TEST_HOST = "$(BUILT_PRODUCTS_DIR)/Billtracker.app/Billtracker";
			};
			name = Release;
		};
		49F1FEA71FE8868E00738832 /* Debug */ = {
			isa = XCBuildConfiguration;
			baseConfigurationReference = F30A3563A03C6531799D49FF /* Pods-BilltrackerUITests.debug.xcconfig */;
			buildSettings = {
				ALWAYS_EMBED_SWIFT_STANDARD_LIBRARIES = YES;
				CODE_SIGN_STYLE = Automatic;
				DEVELOPMENT_TEAM = DYMS7QD4YN;
				INFOPLIST_FILE = BilltrackerUITests/Info.plist;
				LD_RUNPATH_SEARCH_PATHS = "$(inherited) @executable_path/Frameworks @loader_path/Frameworks";
				PRODUCT_BUNDLE_IDENTIFIER = de.hdm.BilltrackerUITests;
				PRODUCT_NAME = "$(TARGET_NAME)";
				SWIFT_VERSION = 4.0;
				TARGETED_DEVICE_FAMILY = "1,2";
				TEST_TARGET_NAME = Billtracker;
			};
			name = Debug;
		};
		49F1FEA81FE8868E00738832 /* Release */ = {
			isa = XCBuildConfiguration;
			baseConfigurationReference = BCDFB983B465720C5DDA0FE7 /* Pods-BilltrackerUITests.release.xcconfig */;
			buildSettings = {
				ALWAYS_EMBED_SWIFT_STANDARD_LIBRARIES = YES;
				CODE_SIGN_STYLE = Automatic;
				DEVELOPMENT_TEAM = DYMS7QD4YN;
				INFOPLIST_FILE = BilltrackerUITests/Info.plist;
				LD_RUNPATH_SEARCH_PATHS = "$(inherited) @executable_path/Frameworks @loader_path/Frameworks";
				PRODUCT_BUNDLE_IDENTIFIER = de.hdm.BilltrackerUITests;
				PRODUCT_NAME = "$(TARGET_NAME)";
				SWIFT_VERSION = 4.0;
				TARGETED_DEVICE_FAMILY = "1,2";
				TEST_TARGET_NAME = Billtracker;
			};
			name = Release;
		};
/* End XCBuildConfiguration section */

/* Begin XCConfigurationList section */
		49F1FE731FE8868D00738832 /* Build configuration list for PBXProject "Billtracker" */ = {
			isa = XCConfigurationList;
			buildConfigurations = (
				49F1FE9E1FE8868E00738832 /* Debug */,
				49F1FE9F1FE8868E00738832 /* Release */,
			);
			defaultConfigurationIsVisible = 0;
			defaultConfigurationName = Release;
		};
		49F1FEA01FE8868E00738832 /* Build configuration list for PBXNativeTarget "Billtracker" */ = {
			isa = XCConfigurationList;
			buildConfigurations = (
				49F1FEA11FE8868E00738832 /* Debug */,
				49F1FEA21FE8868E00738832 /* Release */,
			);
			defaultConfigurationIsVisible = 0;
			defaultConfigurationName = Release;
		};
		49F1FEA31FE8868E00738832 /* Build configuration list for PBXNativeTarget "BilltrackerTests" */ = {
			isa = XCConfigurationList;
			buildConfigurations = (
				49F1FEA41FE8868E00738832 /* Debug */,
				49F1FEA51FE8868E00738832 /* Release */,
			);
			defaultConfigurationIsVisible = 0;
			defaultConfigurationName = Release;
		};
		49F1FEA61FE8868E00738832 /* Build configuration list for PBXNativeTarget "BilltrackerUITests" */ = {
			isa = XCConfigurationList;
			buildConfigurations = (
				49F1FEA71FE8868E00738832 /* Debug */,
				49F1FEA81FE8868E00738832 /* Release */,
			);
			defaultConfigurationIsVisible = 0;
			defaultConfigurationName = Release;
		};
/* End XCConfigurationList section */
	};
	rootObject = 49F1FE701FE8868D00738832 /* Project object */;
}
