// !$*UTF8*$!
{
	archiveVersion = 1;
	classes = {
	};
	objectVersion = 48;
	objects = {

/* Begin PBXBuildFile section */
		490D843E2017ABDB008DF846 /* CutomnTabbarController.swift in Sources */ = {isa = PBXBuildFile; fileRef = 490D843D2017ABDB008DF846 /* CutomnTabbarController.swift */; };
		4916CD851FE88DF300C08E93 /* Assets.xcassets in Resources */ = {isa = PBXBuildFile; fileRef = 4916CD841FE88DF200C08E93 /* Assets.xcassets */; };
		4973D3451FE9879300524174 /* CameraViewController.swift in Sources */ = {isa = PBXBuildFile; fileRef = 4973D3441FE9879300524174 /* CameraViewController.swift */; };
		49808C741FE890C600D12A83 /* ic_logo_light.png in Resources */ = {isa = PBXBuildFile; fileRef = 49808C731FE890C600D12A83 /* ic_logo_light.png */; };
		49808C761FE893BF00D12A83 /* AppIcon.appiconset in Resources */ = {isa = PBXBuildFile; fileRef = 49808C751FE893BF00D12A83 /* AppIcon.appiconset */; };
		49F1FE7C1FE8868D00738832 /* AppDelegate.swift in Sources */ = {isa = PBXBuildFile; fileRef = 49F1FE7B1FE8868D00738832 /* AppDelegate.swift */; };
		49F1FE7E1FE8868D00738832 /* ViewController.swift in Sources */ = {isa = PBXBuildFile; fileRef = 49F1FE7D1FE8868D00738832 /* ViewController.swift */; };
		49F1FE811FE8868D00738832 /* Main.storyboard in Resources */ = {isa = PBXBuildFile; fileRef = 49F1FE7F1FE8868D00738832 /* Main.storyboard */; };
		49F1FE861FE8868D00738832 /* LaunchScreen.storyboard in Resources */ = {isa = PBXBuildFile; fileRef = 49F1FE841FE8868D00738832 /* LaunchScreen.storyboard */; };
		49F1FE911FE8868D00738832 /* BilltrackerTests.swift in Sources */ = {isa = PBXBuildFile; fileRef = 49F1FE901FE8868D00738832 /* BilltrackerTests.swift */; };
		49F1FE9C1FE8868E00738832 /* BilltrackerUITests.swift in Sources */ = {isa = PBXBuildFile; fileRef = 49F1FE9B1FE8868E00738832 /* BilltrackerUITests.swift */; };
/* End PBXBuildFile section */

/* Begin PBXContainerItemProxy section */
		49F1FE8D1FE8868D00738832 /* PBXContainerItemProxy */ = {
			isa = PBXContainerItemProxy;
			containerPortal = 49F1FE701FE8868D00738832 /* Project object */;
			proxyType = 1;
			remoteGlobalIDString = 49F1FE771FE8868D00738832;
			remoteInfo = Billtracker;
		};
		49F1FE981FE8868E00738832 /* PBXContainerItemProxy */ = {
			isa = PBXContainerItemProxy;
			containerPortal = 49F1FE701FE8868D00738832 /* Project object */;
			proxyType = 1;
			remoteGlobalIDString = 49F1FE771FE8868D00738832;
			remoteInfo = Billtracker;
		};
/* End PBXContainerItemProxy section */

/* Begin PBXFileReference section */
		490D843D2017ABDB008DF846 /* CutomnTabbarController.swift */ = {isa = PBXFileReference; lastKnownFileType = sourcecode.swift; path = CutomnTabbarController.swift; sourceTree = "<group>"; };
		4916CD841FE88DF200C08E93 /* Assets.xcassets */ = {isa = PBXFileReference; lastKnownFileType = folder.assetcatalog; path = Assets.xcassets; sourceTree = "<group>"; };
		4973D3441FE9879300524174 /* CameraViewController.swift */ = {isa = PBXFileReference; lastKnownFileType = sourcecode.swift; path = CameraViewController.swift; sourceTree = "<group>"; };
		49808C731FE890C600D12A83 /* ic_logo_light.png */ = {isa = PBXFileReference; lastKnownFileType = image.png; path = ic_logo_light.png; sourceTree = "<group>"; };
		49808C751FE893BF00D12A83 /* AppIcon.appiconset */ = {isa = PBXFileReference; lastKnownFileType = folder; path = AppIcon.appiconset; sourceTree = "<group>"; };
		49F1FE781FE8868D00738832 /* Billtracker.app */ = {isa = PBXFileReference; explicitFileType = wrapper.application; includeInIndex = 0; path = Billtracker.app; sourceTree = BUILT_PRODUCTS_DIR; };
		49F1FE7B1FE8868D00738832 /* AppDelegate.swift */ = {isa = PBXFileReference; lastKnownFileType = sourcecode.swift; path = AppDelegate.swift; sourceTree = "<group>"; };
		49F1FE7D1FE8868D00738832 /* ViewController.swift */ = {isa = PBXFileReference; lastKnownFileType = sourcecode.swift; path = ViewController.swift; sourceTree = "<group>"; };
		49F1FE801FE8868D00738832 /* Base */ = {isa = PBXFileReference; lastKnownFileType = file.storyboard; name = Base; path = Base.lproj/Main.storyboard; sourceTree = "<group>"; };
		49F1FE851FE8868D00738832 /* Base */ = {isa = PBXFileReference; lastKnownFileType = file.storyboard; name = Base; path = Base.lproj/LaunchScreen.storyboard; sourceTree = "<group>"; };
		49F1FE871FE8868D00738832 /* Info.plist */ = {isa = PBXFileReference; lastKnownFileType = text.plist.xml; path = Info.plist; sourceTree = "<group>"; };
		49F1FE8C1FE8868D00738832 /* BilltrackerTests.xctest */ = {isa = PBXFileReference; explicitFileType = wrapper.cfbundle; includeInIndex = 0; path = BilltrackerTests.xctest; sourceTree = BUILT_PRODUCTS_DIR; };
		49F1FE901FE8868D00738832 /* BilltrackerTests.swift */ = {isa = PBXFileReference; lastKnownFileType = sourcecode.swift; path = BilltrackerTests.swift; sourceTree = "<group>"; };
		49F1FE921FE8868D00738832 /* Info.plist */ = {isa = PBXFileReference; lastKnownFileType = text.plist.xml; path = Info.plist; sourceTree = "<group>"; };
		49F1FE971FE8868E00738832 /* BilltrackerUITests.xctest */ = {isa = PBXFileReference; explicitFileType = wrapper.cfbundle; includeInIndex = 0; path = BilltrackerUITests.xctest; sourceTree = BUILT_PRODUCTS_DIR; };
		49F1FE9B1FE8868E00738832 /* BilltrackerUITests.swift */ = {isa = PBXFileReference; lastKnownFileType = sourcecode.swift; path = BilltrackerUITests.swift; sourceTree = "<group>"; };
		49F1FE9D1FE8868E00738832 /* Info.plist */ = {isa = PBXFileReference; lastKnownFileType = text.plist.xml; path = Info.plist; sourceTree = "<group>"; };
/* End PBXFileReference section */

/* Begin PBXFrameworksBuildPhase section */
		49F1FE751FE8868D00738832 /* Frameworks */ = {
			isa = PBXFrameworksBuildPhase;
			buildActionMask = 2147483647;
			files = (
			);
			runOnlyForDeploymentPostprocessing = 0;
		};
		49F1FE891FE8868D00738832 /* Frameworks */ = {
			isa = PBXFrameworksBuildPhase;
			buildActionMask = 2147483647;
			files = (
			);
			runOnlyForDeploymentPostprocessing = 0;
		};
		49F1FE941FE8868E00738832 /* Frameworks */ = {
			isa = PBXFrameworksBuildPhase;
			buildActionMask = 2147483647;
			files = (
			);
			runOnlyForDeploymentPostprocessing = 0;
		};
/* End PBXFrameworksBuildPhase section */

/* Begin PBXGroup section */
		49F1FE6F1FE8868D00738832 = {
			isa = PBXGroup;
			children = (
				49F1FE7A1FE8868D00738832 /* Billtracker */,
				49F1FE8F1FE8868D00738832 /* BilltrackerTests */,
				49F1FE9A1FE8868E00738832 /* BilltrackerUITests */,
				49F1FE791FE8868D00738832 /* Products */,
			);
			sourceTree = "<group>";
		};
		49F1FE791FE8868D00738832 /* Products */ = {
			isa = PBXGroup;
			children = (
				49F1FE781FE8868D00738832 /* Billtracker.app */,
				49F1FE8C1FE8868D00738832 /* BilltrackerTests.xctest */,
				49F1FE971FE8868E00738832 /* BilltrackerUITests.xctest */,
			);
			name = Products;
			sourceTree = "<group>";
		};
		49F1FE7A1FE8868D00738832 /* Billtracker */ = {
			isa = PBXGroup;
			children = (
				49F1FE7B1FE8868D00738832 /* AppDelegate.swift */,
				49F1FE7D1FE8868D00738832 /* ViewController.swift */,
				49F1FE7F1FE8868D00738832 /* Main.storyboard */,
				490D843D2017ABDB008DF846 /* CutomnTabbarController.swift */,
				4973D3441FE9879300524174 /* CameraViewController.swift */,
				4916CD841FE88DF200C08E93 /* Assets.xcassets */,
				49808C751FE893BF00D12A83 /* AppIcon.appiconset */,
				49808C731FE890C600D12A83 /* ic_logo_light.png */,
				49F1FE841FE8868D00738832 /* LaunchScreen.storyboard */,
				49F1FE871FE8868D00738832 /* Info.plist */,
			);
			path = Billtracker;
			sourceTree = "<group>";
		};
		49F1FE8F1FE8868D00738832 /* BilltrackerTests */ = {
			isa = PBXGroup;
			children = (
				49F1FE901FE8868D00738832 /* BilltrackerTests.swift */,
				49F1FE921FE8868D00738832 /* Info.plist */,
			);
			path = BilltrackerTests;
			sourceTree = "<group>";
		};
		49F1FE9A1FE8868E00738832 /* BilltrackerUITests */ = {
			isa = PBXGroup;
			children = (
				49F1FE9B1FE8868E00738832 /* BilltrackerUITests.swift */,
				49F1FE9D1FE8868E00738832 /* Info.plist */,
			);
			path = BilltrackerUITests;
			sourceTree = "<group>";
		};
/* End PBXGroup section */

/* Begin PBXNativeTarget section */
		49F1FE771FE8868D00738832 /* Billtracker */ = {
			isa = PBXNativeTarget;
			buildConfigurationList = 49F1FEA01FE8868E00738832 /* Build configuration list for PBXNativeTarget "Billtracker" */;
			buildPhases = (
				49F1FE741FE8868D00738832 /* Sources */,
				49F1FE751FE8868D00738832 /* Frameworks */,
				49F1FE761FE8868D00738832 /* Resources */,
			);
			buildRules = (
			);
			dependencies = (
			);
			name = Billtracker;
			productName = Billtracker;
			productReference = 49F1FE781FE8868D00738832 /* Billtracker.app */;
			productType = "com.apple.product-type.application";
		};
		49F1FE8B1FE8868D00738832 /* BilltrackerTests */ = {
			isa = PBXNativeTarget;
			buildConfigurationList = 49F1FEA31FE8868E00738832 /* Build configuration list for PBXNativeTarget "BilltrackerTests" */;
			buildPhases = (
				49F1FE881FE8868D00738832 /* Sources */,
				49F1FE891FE8868D00738832 /* Frameworks */,
				49F1FE8A1FE8868D00738832 /* Resources */,
			);
			buildRules = (
			);
			dependencies = (
				49F1FE8E1FE8868D00738832 /* PBXTargetDependency */,
			);
			name = BilltrackerTests;
			productName = BilltrackerTests;
			productReference = 49F1FE8C1FE8868D00738832 /* BilltrackerTests.xctest */;
			productType = "com.apple.product-type.bundle.unit-test";
		};
		49F1FE961FE8868E00738832 /* BilltrackerUITests */ = {
			isa = PBXNativeTarget;
			buildConfigurationList = 49F1FEA61FE8868E00738832 /* Build configuration list for PBXNativeTarget "BilltrackerUITests" */;
			buildPhases = (
				49F1FE931FE8868E00738832 /* Sources */,
				49F1FE941FE8868E00738832 /* Frameworks */,
				49F1FE951FE8868E00738832 /* Resources */,
			);
			buildRules = (
			);
			dependencies = (
				49F1FE991FE8868E00738832 /* PBXTargetDependency */,
			);
			name = BilltrackerUITests;
			productName = BilltrackerUITests;
			productReference = 49F1FE971FE8868E00738832 /* BilltrackerUITests.xctest */;
			productType = "com.apple.product-type.bundle.ui-testing";
		};
/* End PBXNativeTarget section */

/* Begin PBXProject section */
		49F1FE701FE8868D00738832 /* Project object */ = {
			isa = PBXProject;
			attributes = {
				LastSwiftUpdateCheck = 0920;
				LastUpgradeCheck = 0920;
				ORGANIZATIONNAME = "Valdet D.";
				TargetAttributes = {
					49F1FE771FE8868D00738832 = {
						CreatedOnToolsVersion = 9.2;
						ProvisioningStyle = Automatic;
					};
					49F1FE8B1FE8868D00738832 = {
						CreatedOnToolsVersion = 9.2;
						ProvisioningStyle = Automatic;
						TestTargetID = 49F1FE771FE8868D00738832;
					};
					49F1FE961FE8868E00738832 = {
						CreatedOnToolsVersion = 9.2;
						ProvisioningStyle = Automatic;
						TestTargetID = 49F1FE771FE8868D00738832;
					};
				};
			};
			buildConfigurationList = 49F1FE731FE8868D00738832 /* Build configuration list for PBXProject "Billtracker" */;
			compatibilityVersion = "Xcode 8.0";
			developmentRegion = en;
			hasScannedForEncodings = 0;
			knownRegions = (
				en,
				Base,
			);
			mainGroup = 49F1FE6F1FE8868D00738832;
			productRefGroup = 49F1FE791FE8868D00738832 /* Products */;
			projectDirPath = "";
			projectRoot = "";
			targets = (
				49F1FE771FE8868D00738832 /* Billtracker */,
				49F1FE8B1FE8868D00738832 /* BilltrackerTests */,
				49F1FE961FE8868E00738832 /* BilltrackerUITests */,
			);
		};
/* End PBXProject section */

/* Begin PBXResourcesBuildPhase section */
		49F1FE761FE8868D00738832 /* Resources */ = {
			isa = PBXResourcesBuildPhase;
			buildActionMask = 2147483647;
			files = (
				49F1FE861FE8868D00738832 /* LaunchScreen.storyboard in Resources */,
				4916CD851FE88DF300C08E93 /* Assets.xcassets in Resources */,
				49F1FE811FE8868D00738832 /* Main.storyboard in Resources */,
				49808C761FE893BF00D12A83 /* AppIcon.appiconset in Resources */,
				49808C741FE890C600D12A83 /* ic_logo_light.png in Resources */,
			);
			runOnlyForDeploymentPostprocessing = 0;
		};
		49F1FE8A1FE8868D00738832 /* Resources */ = {
			isa = PBXResourcesBuildPhase;
			buildActionMask = 2147483647;
			files = (
			);
			runOnlyForDeploymentPostprocessing = 0;
		};
		49F1FE951FE8868E00738832 /* Resources */ = {
			isa = PBXResourcesBuildPhase;
			buildActionMask = 2147483647;
			files = (
			);
			runOnlyForDeploymentPostprocessing = 0;
		};
/* End PBXResourcesBuildPhase section */

/* Begin PBXSourcesBuildPhase section */
		49F1FE741FE8868D00738832 /* Sources */ = {
			isa = PBXSourcesBuildPhase;
			buildActionMask = 2147483647;
			files = (
				49F1FE7E1FE8868D00738832 /* ViewController.swift in Sources */,
				490D843E2017ABDB008DF846 /* CutomnTabbarController.swift in Sources */,
				49F1FE7C1FE8868D00738832 /* AppDelegate.swift in Sources */,
				4973D3451FE9879300524174 /* CameraViewController.swift in Sources */,
			);
			runOnlyForDeploymentPostprocessing = 0;
		};
		49F1FE881FE8868D00738832 /* Sources */ = {
			isa = PBXSourcesBuildPhase;
			buildActionMask = 2147483647;
			files = (
				49F1FE911FE8868D00738832 /* BilltrackerTests.swift in Sources */,
			);
			runOnlyForDeploymentPostprocessing = 0;
		};
		49F1FE931FE8868E00738832 /* Sources */ = {
			isa = PBXSourcesBuildPhase;
			buildActionMask = 2147483647;
			files = (
				49F1FE9C1FE8868E00738832 /* BilltrackerUITests.swift in Sources */,
			);
			runOnlyForDeploymentPostprocessing = 0;
		};
/* End PBXSourcesBuildPhase section */

/* Begin PBXTargetDependency section */
		49F1FE8E1FE8868D00738832 /* PBXTargetDependency */ = {
			isa = PBXTargetDependency;
			target = 49F1FE771FE8868D00738832 /* Billtracker */;
			targetProxy = 49F1FE8D1FE8868D00738832 /* PBXContainerItemProxy */;
		};
		49F1FE991FE8868E00738832 /* PBXTargetDependency */ = {
			isa = PBXTargetDependency;
			target = 49F1FE771FE8868D00738832 /* Billtracker */;
			targetProxy = 49F1FE981FE8868E00738832 /* PBXContainerItemProxy */;
		};
/* End PBXTargetDependency section */

/* Begin PBXVariantGroup section */
		49F1FE7F1FE8868D00738832 /* Main.storyboard */ = {
			isa = PBXVariantGroup;
			children = (
				49F1FE801FE8868D00738832 /* Base */,
			);
			name = Main.storyboard;
			sourceTree = "<group>";
		};
		49F1FE841FE8868D00738832 /* LaunchScreen.storyboard */ = {
			isa = PBXVariantGroup;
			children = (
				49F1FE851FE8868D00738832 /* Base */,
			);
			name = LaunchScreen.storyboard;
			sourceTree = "<group>";
		};
/* End PBXVariantGroup section */

/* Begin XCBuildConfiguration section */
		49F1FE9E1FE8868E00738832 /* Debug */ = {
			isa = XCBuildConfiguration;
			buildSettings = {
				ALWAYS_SEARCH_USER_PATHS = NO;
				CLANG_ANALYZER_NONNULL = YES;
				CLANG_ANALYZER_NUMBER_OBJECT_CONVERSION = YES_AGGRESSIVE;
				CLANG_CXX_LANGUAGE_STANDARD = "gnu++14";
				CLANG_CXX_LIBRARY = "libc++";
				CLANG_ENABLE_MODULES = YES;
				CLANG_ENABLE_OBJC_ARC = YES;
				CLANG_WARN_BLOCK_CAPTURE_AUTORELEASING = YES;
				CLANG_WARN_BOOL_CONVERSION = YES;
				CLANG_WARN_COMMA = YES;
				CLANG_WARN_CONSTANT_CONVERSION = YES;
				CLANG_WARN_DIRECT_OBJC_ISA_USAGE = YES_ERROR;
				CLANG_WARN_DOCUMENTATION_COMMENTS = YES;
				CLANG_WARN_EMPTY_BODY = YES;
				CLANG_WARN_ENUM_CONVERSION = YES;
				CLANG_WARN_INFINITE_RECURSION = YES;
				CLANG_WARN_INT_CONVERSION = YES;
				CLANG_WARN_NON_LITERAL_NULL_CONVERSION = YES;
				CLANG_WARN_OBJC_LITERAL_CONVERSION = YES;
				CLANG_WARN_OBJC_ROOT_CLASS = YES_ERROR;
				CLANG_WARN_RANGE_LOOP_ANALYSIS = YES;
				CLANG_WARN_STRICT_PROTOTYPES = YES;
				CLANG_WARN_SUSPICIOUS_MOVE = YES;
				CLANG_WARN_UNGUARDED_AVAILABILITY = YES_AGGRESSIVE;
				CLANG_WARN_UNREACHABLE_CODE = YES;
				CLANG_WARN__DUPLICATE_METHOD_MATCH = YES;
				CODE_SIGN_IDENTITY = "iPhone Developer";
				COPY_PHASE_STRIP = NO;
				DEBUG_INFORMATION_FORMAT = dwarf;
				ENABLE_STRICT_OBJC_MSGSEND = YES;
				ENABLE_TESTABILITY = YES;
				GCC_C_LANGUAGE_STANDARD = gnu11;
				GCC_DYNAMIC_NO_PIC = NO;
				GCC_NO_COMMON_BLOCKS = YES;
				GCC_OPTIMIZATION_LEVEL = 0;
				GCC_PREPROCESSOR_DEFINITIONS = (
					"DEBUG=1",
					"$(inherited)",
				);
				GCC_WARN_64_TO_32_BIT_CONVERSION = YES;
				GCC_WARN_ABOUT_RETURN_TYPE = YES_ERROR;
				GCC_WARN_UNDECLARED_SELECTOR = YES;
				GCC_WARN_UNINITIALIZED_AUTOS = YES_AGGRESSIVE;
				GCC_WARN_UNUSED_FUNCTION = YES;
				GCC_WARN_UNUSED_VARIABLE = YES;
				IPHONEOS_DEPLOYMENT_TARGET = 11.2;
				MTL_ENABLE_DEBUG_INFO = YES;
				ONLY_ACTIVE_ARCH = YES;
				SDKROOT = iphoneos;
				SWIFT_ACTIVE_COMPILATION_CONDITIONS = DEBUG;
				SWIFT_OPTIMIZATION_LEVEL = "-Onone";
			};
			name = Debug;
		};
		49F1FE9F1FE8868E00738832 /* Release */ = {
			isa = XCBuildConfiguration;
			buildSettings = {
				ALWAYS_SEARCH_USER_PATHS = NO;
				CLANG_ANALYZER_NONNULL = YES;
				CLANG_ANALYZER_NUMBER_OBJECT_CONVERSION = YES_AGGRESSIVE;
				CLANG_CXX_LANGUAGE_STANDARD = "gnu++14";
				CLANG_CXX_LIBRARY = "libc++";
				CLANG_ENABLE_MODULES = YES;
				CLANG_ENABLE_OBJC_ARC = YES;
				CLANG_WARN_BLOCK_CAPTURE_AUTORELEASING = YES;
				CLANG_WARN_BOOL_CONVERSION = YES;
				CLANG_WARN_COMMA = YES;
				CLANG_WARN_CONSTANT_CONVERSION = YES;
				CLANG_WARN_DIRECT_OBJC_ISA_USAGE = YES_ERROR;
				CLANG_WARN_DOCUMENTATION_COMMENTS = YES;
				CLANG_WARN_EMPTY_BODY = YES;
				CLANG_WARN_ENUM_CONVERSION = YES;
				CLANG_WARN_INFINITE_RECURSION = YES;
				CLANG_WARN_INT_CONVERSION = YES;
				CLANG_WARN_NON_LITERAL_NULL_CONVERSION = YES;
				CLANG_WARN_OBJC_LITERAL_CONVERSION = YES;
				CLANG_WARN_OBJC_ROOT_CLASS = YES_ERROR;
				CLANG_WARN_RANGE_LOOP_ANALYSIS = YES;
				CLANG_WARN_STRICT_PROTOTYPES = YES;
				CLANG_WARN_SUSPICIOUS_MOVE = YES;
				CLANG_WARN_UNGUARDED_AVAILABILITY = YES_AGGRESSIVE;
				CLANG_WARN_UNREACHABLE_CODE = YES;
				CLANG_WARN__DUPLICATE_METHOD_MATCH = YES;
				CODE_SIGN_IDENTITY = "iPhone Developer";
				COPY_PHASE_STRIP = NO;
				DEBUG_INFORMATION_FORMAT = "dwarf-with-dsym";
				ENABLE_NS_ASSERTIONS = NO;
				ENABLE_STRICT_OBJC_MSGSEND = YES;
				GCC_C_LANGUAGE_STANDARD = gnu11;
				GCC_NO_COMMON_BLOCKS = YES;
				GCC_WARN_64_TO_32_BIT_CONVERSION = YES;
				GCC_WARN_ABOUT_RETURN_TYPE = YES_ERROR;
				GCC_WARN_UNDECLARED_SELECTOR = YES;
				GCC_WARN_UNINITIALIZED_AUTOS = YES_AGGRESSIVE;
				GCC_WARN_UNUSED_FUNCTION = YES;
				GCC_WARN_UNUSED_VARIABLE = YES;
				IPHONEOS_DEPLOYMENT_TARGET = 11.2;
				MTL_ENABLE_DEBUG_INFO = NO;
				SDKROOT = iphoneos;
				SWIFT_OPTIMIZATION_LEVEL = "-Owholemodule";
				VALIDATE_PRODUCT = YES;
			};
			name = Release;
		};
		49F1FEA11FE8868E00738832 /* Debug */ = {
			isa = XCBuildConfiguration;
			buildSettings = {
				ASSETCATALOG_COMPILER_APPICON_NAME = AppIcon;
				CODE_SIGN_STYLE = Automatic;
				DEVELOPMENT_TEAM = DYMS7QD4YN;
				INFOPLIST_FILE = Billtracker/Info.plist;
				LD_RUNPATH_SEARCH_PATHS = "$(inherited) @executable_path/Frameworks";
				PRODUCT_BUNDLE_IDENTIFIER = de.hdm.Billtracker;
				PRODUCT_NAME = "$(TARGET_NAME)";
				SWIFT_VERSION = 4.0;
				TARGETED_DEVICE_FAMILY = 1;
			};
			name = Debug;
		};
		49F1FEA21FE8868E00738832 /* Release */ = {
			isa = XCBuildConfiguration;
			buildSettings = {
				ASSETCATALOG_COMPILER_APPICON_NAME = AppIcon;
				CODE_SIGN_STYLE = Automatic;
				DEVELOPMENT_TEAM = DYMS7QD4YN;
				INFOPLIST_FILE = Billtracker/Info.plist;
				LD_RUNPATH_SEARCH_PATHS = "$(inherited) @executable_path/Frameworks";
				PRODUCT_BUNDLE_IDENTIFIER = de.hdm.Billtracker;
				PRODUCT_NAME = "$(TARGET_NAME)";
				SWIFT_VERSION = 4.0;
				TARGETED_DEVICE_FAMILY = 1;
			};
			name = Release;
		};
		49F1FEA41FE8868E00738832 /* Debug */ = {
			isa = XCBuildConfiguration;
			buildSettings = {
				ALWAYS_EMBED_SWIFT_STANDARD_LIBRARIES = YES;
				BUNDLE_LOADER = "$(TEST_HOST)";
				CODE_SIGN_STYLE = Automatic;
				DEVELOPMENT_TEAM = DYMS7QD4YN;
				INFOPLIST_FILE = BilltrackerTests/Info.plist;
				LD_RUNPATH_SEARCH_PATHS = "$(inherited) @executable_path/Frameworks @loader_path/Frameworks";
				PRODUCT_BUNDLE_IDENTIFIER = de.hdm.BilltrackerTests;
				PRODUCT_NAME = "$(TARGET_NAME)";
				SWIFT_VERSION = 4.0;
				TARGETED_DEVICE_FAMILY = "1,2";
				TEST_HOST = "$(BUILT_PRODUCTS_DIR)/Billtracker.app/Billtracker";
			};
			name = Debug;
		};
		49F1FEA51FE8868E00738832 /* Release */ = {
			isa = XCBuildConfiguration;
			buildSettings = {
				ALWAYS_EMBED_SWIFT_STANDARD_LIBRARIES = YES;
				BUNDLE_LOADER = "$(TEST_HOST)";
				CODE_SIGN_STYLE = Automatic;
				DEVELOPMENT_TEAM = DYMS7QD4YN;
				INFOPLIST_FILE = BilltrackerTests/Info.plist;
				LD_RUNPATH_SEARCH_PATHS = "$(inherited) @executable_path/Frameworks @loader_path/Frameworks";
				PRODUCT_BUNDLE_IDENTIFIER = de.hdm.BilltrackerTests;
				PRODUCT_NAME = "$(TARGET_NAME)";
				SWIFT_VERSION = 4.0;
				TARGETED_DEVICE_FAMILY = "1,2";
				TEST_HOST = "$(BUILT_PRODUCTS_DIR)/Billtracker.app/Billtracker";
			};
			name = Release;
		};
		49F1FEA71FE8868E00738832 /* Debug */ = {
			isa = XCBuildConfiguration;
			buildSettings = {
				ALWAYS_EMBED_SWIFT_STANDARD_LIBRARIES = YES;
				CODE_SIGN_STYLE = Automatic;
				DEVELOPMENT_TEAM = DYMS7QD4YN;
				INFOPLIST_FILE = BilltrackerUITests/Info.plist;
				LD_RUNPATH_SEARCH_PATHS = "$(inherited) @executable_path/Frameworks @loader_path/Frameworks";
				PRODUCT_BUNDLE_IDENTIFIER = de.hdm.BilltrackerUITests;
				PRODUCT_NAME = "$(TARGET_NAME)";
				SWIFT_VERSION = 4.0;
				TARGETED_DEVICE_FAMILY = "1,2";
				TEST_TARGET_NAME = Billtracker;
			};
			name = Debug;
		};
		49F1FEA81FE8868E00738832 /* Release */ = {
			isa = XCBuildConfiguration;
			buildSettings = {
				ALWAYS_EMBED_SWIFT_STANDARD_LIBRARIES = YES;
				CODE_SIGN_STYLE = Automatic;
				DEVELOPMENT_TEAM = DYMS7QD4YN;
				INFOPLIST_FILE = BilltrackerUITests/Info.plist;
				LD_RUNPATH_SEARCH_PATHS = "$(inherited) @executable_path/Frameworks @loader_path/Frameworks";
				PRODUCT_BUNDLE_IDENTIFIER = de.hdm.BilltrackerUITests;
				PRODUCT_NAME = "$(TARGET_NAME)";
				SWIFT_VERSION = 4.0;
				TARGETED_DEVICE_FAMILY = "1,2";
				TEST_TARGET_NAME = Billtracker;
			};
			name = Release;
		};
/* End XCBuildConfiguration section */

/* Begin XCConfigurationList section */
		49F1FE731FE8868D00738832 /* Build configuration list for PBXProject "Billtracker" */ = {
			isa = XCConfigurationList;
			buildConfigurations = (
				49F1FE9E1FE8868E00738832 /* Debug */,
				49F1FE9F1FE8868E00738832 /* Release */,
			);
			defaultConfigurationIsVisible = 0;
			defaultConfigurationName = Release;
		};
		49F1FEA01FE8868E00738832 /* Build configuration list for PBXNativeTarget "Billtracker" */ = {
			isa = XCConfigurationList;
			buildConfigurations = (
				49F1FEA11FE8868E00738832 /* Debug */,
				49F1FEA21FE8868E00738832 /* Release */,
			);
			defaultConfigurationIsVisible = 0;
			defaultConfigurationName = Release;
		};
		49F1FEA31FE8868E00738832 /* Build configuration list for PBXNativeTarget "BilltrackerTests" */ = {
			isa = XCConfigurationList;
			buildConfigurations = (
				49F1FEA41FE8868E00738832 /* Debug */,
				49F1FEA51FE8868E00738832 /* Release */,
			);
			defaultConfigurationIsVisible = 0;
			defaultConfigurationName = Release;
		};
		49F1FEA61FE8868E00738832 /* Build configuration list for PBXNativeTarget "BilltrackerUITests" */ = {
			isa = XCConfigurationList;
			buildConfigurations = (
				49F1FEA71FE8868E00738832 /* Debug */,
				49F1FEA81FE8868E00738832 /* Release */,
			);
			defaultConfigurationIsVisible = 0;
			defaultConfigurationName = Release;
		};
/* End XCConfigurationList section */
	};
	rootObject = 49F1FE701FE8868D00738832 /* Project object */;
}
